Microsoft Visual Studio Solution File, Format Version 12.00
# Visual Studio Version 17
VisualStudioVersion = 17.5.2.0
MinimumVisualStudioVersion = 10.0.40219.1
Project("{FAE04EC0-301F-11D3-BF4B-00C04F79EFBC}") = "Book-Api", "Book-Api.csproj", "{EF48E5F7-F84A-9437-BA79-75B8773E6389}"
EndProject
Global
	GlobalSection(SolutionConfigurationPlatforms) = preSolution
		Debug|Any CPU = Debug|Any CPU
		Release|Any CPU = Release|Any CPU
	EndGlobalSection
	GlobalSection(ProjectConfigurationPlatforms) = postSolution
		{EF48E5F7-F84A-9437-BA79-75B8773E6389}.Debug|Any CPU.ActiveCfg = Debug|Any CPU
		{EF48E5F7-F84A-9437-BA79-75B8773E6389}.Debug|Any CPU.Build.0 = Debug|Any CPU
		{EF48E5F7-F84A-9437-BA79-75B8773E6389}.Release|Any CPU.ActiveCfg = Release|Any CPU
		{EF48E5F7-F84A-9437-BA79-75B8773E6389}.Release|Any CPU.Build.0 = Release|Any CPU
	EndGlobalSection
	GlobalSection(SolutionProperties) = preSolution
		HideSolutionNode = FALSE
	EndGlobalSection
	GlobalSection(ExtensibilityGlobals) = postSolution
		SolutionGuid = {D714B4D9-DA3D-4412-B77C-4E25C738A126}
	EndGlobalSection
EndGlobal
